
Microsoft Visual Studio Solution File, Format Version 12.00
# Visual Studio 15
VisualStudioVersion = 15.0.27703.2042
MinimumVisualStudioVersion = 10.0.40219.1
Project("{FAE04EC0-301F-11D3-BF4B-00C04F79EFBC}") = "JWTExample", "JWTExample\JWTExample.csproj", "{AA9D2429-F87A-4332-A34A-F8AEEC48EAA2}"
EndProject
Global
	GlobalSection(SolutionConfigurationPlatforms) = preSolution
		Debug|Any CPU = Debug|Any CPU
		Release|Any CPU = Release|Any CPU
	EndGlobalSection
	GlobalSection(ProjectConfigurationPlatforms) = postSolution
		{AA9D2429-F87A-4332-A34A-F8AEEC48EAA2}.Debug|Any CPU.ActiveCfg = Debug|Any CPU
		{AA9D2429-F87A-4332-A34A-F8AEEC48EAA2}.Debug|Any CPU.Build.0 = Debug|Any CPU
		{AA9D2429-F87A-4332-A34A-F8AEEC48EAA2}.Release|Any CPU.ActiveCfg = Release|Any CPU
		{AA9D2429-F87A-4332-A34A-F8AEEC48EAA2}.Release|Any CPU.Build.0 = Release|Any CPU
	EndGlobalSection
	GlobalSection(SolutionProperties) = preSolution
		HideSolutionNode = FALSE
	EndGlobalSection
	GlobalSection(ExtensibilityGlobals) = postSolution
		SolutionGuid = {9250AC46-6520-4518-A659-5E2144C8E296}
	EndGlobalSection
EndGlobal
